
Microsoft Visual Studio Solution File, Format Version 12.00
# Visual Studio 15
VisualStudioVersion = 15.0.26430.6
MinimumVisualStudioVersion = 10.0.40219.1
Project("{FAE04EC0-301F-11D3-BF4B-00C04F79EFBC}") = "TextAnalyticsAPI.Android", "TextAnalyticsAPI\TextAnalyticsAPI.Android\TextAnalyticsAPI.Android.csproj", "{D72F1AE7-AD4B-47EA-A1E1-0C1DE567CE12}"
EndProject
Project("{FAE04EC0-301F-11D3-BF4B-00C04F79EFBC}") = "TextAnalyticsAPI", "TextAnalyticsAPI\TextAnalyticsAPI\TextAnalyticsAPI.csproj", "{53BA8999-C5EC-4B83-8836-F33E80185EB9}"
EndProject
Project("{FAE04EC0-301F-11D3-BF4B-00C04F79EFBC}") = "TextAnalyticsAPI.UWP", "TextAnalyticsAPI\TextAnalyticsAPI.UWP\TextAnalyticsAPI.UWP.csproj", "{F76135B6-AF06-4494-B7B2-DA78CA17F62F}"
EndProject
Project("{FAE04EC0-301F-11D3-BF4B-00C04F79EFBC}") = "TextAnalyticsAPI.iOS", "TextAnalyticsAPI\TextAnalyticsAPI.iOS\TextAnalyticsAPI.iOS.csproj", "{FBF709BD-2FAF-4E1A-B1F3-A2F1B874BD8B}"
EndProject
Global
	GlobalSection(SolutionConfigurationPlatforms) = preSolution
		Ad-Hoc|Any CPU = Ad-Hoc|Any CPU
		Ad-Hoc|ARM = Ad-Hoc|ARM
		Ad-Hoc|iPhone = Ad-Hoc|iPhone
		Ad-Hoc|iPhoneSimulator = Ad-Hoc|iPhoneSimulator
		Ad-Hoc|x64 = Ad-Hoc|x64
		Ad-Hoc|x86 = Ad-Hoc|x86
		AppStore|Any CPU = AppStore|Any CPU
		AppStore|ARM = AppStore|ARM
		AppStore|iPhone = AppStore|iPhone
		AppStore|iPhoneSimulator = AppStore|iPhoneSimulator
		AppStore|x64 = AppStore|x64
		AppStore|x86 = AppStore|x86
		Debug|Any CPU = Debug|Any CPU
		Debug|ARM = Debug|ARM
		Debug|iPhone = Debug|iPhone
		Debug|iPhoneSimulator = Debug|iPhoneSimulator
		Debug|x64 = Debug|x64
		Debug|x86 = Debug|x86
		Release|Any CPU = Release|Any CPU
		Release|ARM = Release|ARM
		Release|iPhone = Release|iPhone
		Release|iPhoneSimulator = Release|iPhoneSimulator
		Release|x64 = Release|x64
		Release|x86 = Release|x86
	EndGlobalSection
	GlobalSection(ProjectConfigurationPlatforms) = postSolution
		{D72F1AE7-AD4B-47EA-A1E1-0C1DE567CE12}.Ad-Hoc|Any CPU.ActiveCfg = Release|Any CPU
		{D72F1AE7-AD4B-47EA-A1E1-0C1DE567CE12}.Ad-Hoc|Any CPU.Build.0 = Release|Any CPU
		{D72F1AE7-AD4B-47EA-A1E1-0C1DE567CE12}.Ad-Hoc|Any CPU.Deploy.0 = Release|Any CPU
		{D72F1AE7-AD4B-47EA-A1E1-0C1DE567CE12}.Ad-Hoc|ARM.ActiveCfg = Release|Any CPU
		{D72F1AE7-AD4B-47EA-A1E1-0C1DE567CE12}.Ad-Hoc|ARM.Build.0 = Release|Any CPU
		{D72F1AE7-AD4B-47EA-A1E1-0C1DE567CE12}.Ad-Hoc|ARM.Deploy.0 = Release|Any CPU
		{D72F1AE7-AD4B-47EA-A1E1-0C1DE567CE12}.Ad-Hoc|iPhone.ActiveCfg = Release|Any CPU
		{D72F1AE7-AD4B-47EA-A1E1-0C1DE567CE12}.Ad-Hoc|iPhone.Build.0 = Release|Any CPU
		{D72F1AE7-AD4B-47EA-A1E1-0C1DE567CE12}.Ad-Hoc|iPhone.Deploy.0 = Release|Any CPU
		{D72F1AE7-AD4B-47EA-A1E1-0C1DE567CE12}.Ad-Hoc|iPhoneSimulator.ActiveCfg = Release|Any CPU
		{D72F1AE7-AD4B-47EA-A1E1-0C1DE567CE12}.Ad-Hoc|iPhoneSimulator.Build.0 = Release|Any CPU
		{D72F1AE7-AD4B-47EA-A1E1-0C1DE567CE12}.Ad-Hoc|iPhoneSimulator.Deploy.0 = Release|Any CPU
		{D72F1AE7-AD4B-47EA-A1E1-0C1DE567CE12}.Ad-Hoc|x64.ActiveCfg = Release|Any CPU
		{D72F1AE7-AD4B-47EA-A1E1-0C1DE567CE12}.Ad-Hoc|x64.Build.0 = Release|Any CPU
		{D72F1AE7-AD4B-47EA-A1E1-0C1DE567CE12}.Ad-Hoc|x64.Deploy.0 = Release|Any CPU
		{D72F1AE7-AD4B-47EA-A1E1-0C1DE567CE12}.Ad-Hoc|x86.ActiveCfg = Release|Any CPU
		{D72F1AE7-AD4B-47EA-A1E1-0C1DE567CE12}.Ad-Hoc|x86.Build.0 = Release|Any CPU
		{D72F1AE7-AD4B-47EA-A1E1-0C1DE567CE12}.Ad-Hoc|x86.Deploy.0 = Release|Any CPU
		{D72F1AE7-AD4B-47EA-A1E1-0C1DE567CE12}.AppStore|Any CPU.ActiveCfg = Release|Any CPU
		{D72F1AE7-AD4B-47EA-A1E1-0C1DE567CE12}.AppStore|Any CPU.Build.0 = Release|Any CPU
		{D72F1AE7-AD4B-47EA-A1E1-0C1DE567CE12}.AppStore|Any CPU.Deploy.0 = Release|Any CPU
		{D72F1AE7-AD4B-47EA-A1E1-0C1DE567CE12}.AppStore|ARM.ActiveCfg = Release|Any CPU
		{D72F1AE7-AD4B-47EA-A1E1-0C1DE567CE12}.AppStore|ARM.Build.0 = Release|Any CPU
		{D72F1AE7-AD4B-47EA-A1E1-0C1DE567CE12}.AppStore|ARM.Deploy.0 = Release|Any CPU
		{D72F1AE7-AD4B-47EA-A1E1-0C1DE567CE12}.AppStore|iPhone.ActiveCfg = Release|Any CPU
		{D72F1AE7-AD4B-47EA-A1E1-0C1DE567CE12}.AppStore|iPhone.Build.0 = Release|Any CPU
		{D72F1AE7-AD4B-47EA-A1E1-0C1DE567CE12}.AppStore|iPhone.Deploy.0 = Release|Any CPU
		{D72F1AE7-AD4B-47EA-A1E1-0C1DE567CE12}.AppStore|iPhoneSimulator.ActiveCfg = Release|Any CPU
		{D72F1AE7-AD4B-47EA-A1E1-0C1DE567CE12}.AppStore|iPhoneSimulator.Build.0 = Release|Any CPU
		{D72F1AE7-AD4B-47EA-A1E1-0C1DE567CE12}.AppStore|iPhoneSimulator.Deploy.0 = Release|Any CPU
		{D72F1AE7-AD4B-47EA-A1E1-0C1DE567CE12}.AppStore|x64.ActiveCfg = Release|Any CPU
		{D72F1AE7-AD4B-47EA-A1E1-0C1DE567CE12}.AppStore|x64.Build.0 = Release|Any CPU
		{D72F1AE7-AD4B-47EA-A1E1-0C1DE567CE12}.AppStore|x64.Deploy.0 = Release|Any CPU
		{D72F1AE7-AD4B-47EA-A1E1-0C1DE567CE12}.AppStore|x86.ActiveCfg = Release|Any CPU
		{D72F1AE7-AD4B-47EA-A1E1-0C1DE567CE12}.AppStore|x86.Build.0 = Release|Any CPU
		{D72F1AE7-AD4B-47EA-A1E1-0C1DE567CE12}.AppStore|x86.Deploy.0 = Release|Any CPU
		{D72F1AE7-AD4B-47EA-A1E1-0C1DE567CE12}.Debug|Any CPU.ActiveCfg = Debug|Any CPU
		{D72F1AE7-AD4B-47EA-A1E1-0C1DE567CE12}.Debug|Any CPU.Build.0 = Debug|Any CPU
		{D72F1AE7-AD4B-47EA-A1E1-0C1DE567CE12}.Debug|Any CPU.Deploy.0 = Debug|Any CPU
		{D72F1AE7-AD4B-47EA-A1E1-0C1DE567CE12}.Debug|ARM.ActiveCfg = Debug|Any CPU
		{D72F1AE7-AD4B-47EA-A1E1-0C1DE567CE12}.Debug|ARM.Build.0 = Debug|Any CPU
		{D72F1AE7-AD4B-47EA-A1E1-0C1DE567CE12}.Debug|ARM.Deploy.0 = Debug|Any CPU
		{D72F1AE7-AD4B-47EA-A1E1-0C1DE567CE12}.Debug|iPhone.ActiveCfg = Debug|Any CPU
		{D72F1AE7-AD4B-47EA-A1E1-0C1DE567CE12}.Debug|iPhone.Build.0 = Debug|Any CPU
		{D72F1AE7-AD4B-47EA-A1E1-0C1DE567CE12}.Debug|iPhone.Deploy.0 = Debug|Any CPU
		{D72F1AE7-AD4B-47EA-A1E1-0C1DE567CE12}.Debug|iPhoneSimulator.ActiveCfg = Debug|Any CPU
		{D72F1AE7-AD4B-47EA-A1E1-0C1DE567CE12}.Debug|iPhoneSimulator.Build.0 = Debug|Any CPU
		{D72F1AE7-AD4B-47EA-A1E1-0C1DE567CE12}.Debug|iPhoneSimulator.Deploy.0 = Debug|Any CPU
		{D72F1AE7-AD4B-47EA-A1E1-0C1DE567CE12}.Debug|x64.ActiveCfg = Debug|Any CPU
		{D72F1AE7-AD4B-47EA-A1E1-0C1DE567CE12}.Debug|x64.Build.0 = Debug|Any CPU
		{D72F1AE7-AD4B-47EA-A1E1-0C1DE567CE12}.Debug|x64.Deploy.0 = Debug|Any CPU
		{D72F1AE7-AD4B-47EA-A1E1-0C1DE567CE12}.Debug|x86.ActiveCfg = Debug|Any CPU
		{D72F1AE7-AD4B-47EA-A1E1-0C1DE567CE12}.Debug|x86.Build.0 = Debug|Any CPU
		{D72F1AE7-AD4B-47EA-A1E1-0C1DE567CE12}.Debug|x86.Deploy.0 = Debug|Any CPU
		{D72F1AE7-AD4B-47EA-A1E1-0C1DE567CE12}.Release|Any CPU.ActiveCfg = Release|Any CPU
		{D72F1AE7-AD4B-47EA-A1E1-0C1DE567CE12}.Release|Any CPU.Build.0 = Release|Any CPU
		{D72F1AE7-AD4B-47EA-A1E1-0C1DE567CE12}.Release|Any CPU.Deploy.0 = Release|Any CPU
		{D72F1AE7-AD4B-47EA-A1E1-0C1DE567CE12}.Release|ARM.ActiveCfg = Release|Any CPU
		{D72F1AE7-AD4B-47EA-A1E1-0C1DE567CE12}.Release|ARM.Build.0 = Release|Any CPU
		{D72F1AE7-AD4B-47EA-A1E1-0C1DE567CE12}.Release|ARM.Deploy.0 = Release|Any CPU
		{D72F1AE7-AD4B-47EA-A1E1-0C1DE567CE12}.Release|iPhone.ActiveCfg = Release|Any CPU
		{D72F1AE7-AD4B-47EA-A1E1-0C1DE567CE12}.Release|iPhone.Build.0 = Release|Any CPU
		{D72F1AE7-AD4B-47EA-A1E1-0C1DE567CE12}.Release|iPhone.Deploy.0 = Release|Any CPU
		{D72F1AE7-AD4B-47EA-A1E1-0C1DE567CE12}.Release|iPhoneSimulator.ActiveCfg = Release|Any CPU
		{D72F1AE7-AD4B-47EA-A1E1-0C1DE567CE12}.Release|iPhoneSimulator.Build.0 = Release|Any CPU
		{D72F1AE7-AD4B-47EA-A1E1-0C1DE567CE12}.Release|iPhoneSimulator.Deploy.0 = Release|Any CPU
		{D72F1AE7-AD4B-47EA-A1E1-0C1DE567CE12}.Release|x64.ActiveCfg = Release|Any CPU
		{D72F1AE7-AD4B-47EA-A1E1-0C1DE567CE12}.Release|x64.Build.0 = Release|Any CPU
		{D72F1AE7-AD4B-47EA-A1E1-0C1DE567CE12}.Release|x64.Deploy.0 = Release|Any CPU
		{D72F1AE7-AD4B-47EA-A1E1-0C1DE567CE12}.Release|x86.ActiveCfg = Release|Any CPU
		{D72F1AE7-AD4B-47EA-A1E1-0C1DE567CE12}.Release|x86.Build.0 = Release|Any CPU
		{D72F1AE7-AD4B-47EA-A1E1-0C1DE567CE12}.Release|x86.Deploy.0 = Release|Any CPU
		{53BA8999-C5EC-4B83-8836-F33E80185EB9}.Ad-Hoc|Any CPU.ActiveCfg = Release|Any CPU
		{53BA8999-C5EC-4B83-8836-F33E80185EB9}.Ad-Hoc|Any CPU.Build.0 = Release|Any CPU
		{53BA8999-C5EC-4B83-8836-F33E80185EB9}.Ad-Hoc|ARM.ActiveCfg = Release|Any CPU
		{53BA8999-C5EC-4B83-8836-F33E80185EB9}.Ad-Hoc|ARM.Build.0 = Release|Any CPU
		{53BA8999-C5EC-4B83-8836-F33E80185EB9}.Ad-Hoc|iPhone.ActiveCfg = Release|Any CPU
		{53BA8999-C5EC-4B83-8836-F33E80185EB9}.Ad-Hoc|iPhone.Build.0 = Release|Any CPU
		{53BA8999-C5EC-4B83-8836-F33E80185EB9}.Ad-Hoc|iPhoneSimulator.ActiveCfg = Release|Any CPU
		{53BA8999-C5EC-4B83-8836-F33E80185EB9}.Ad-Hoc|iPhoneSimulator.Build.0 = Release|Any CPU
		{53BA8999-C5EC-4B83-8836-F33E80185EB9}.Ad-Hoc|x64.ActiveCfg = Release|Any CPU
		{53BA8999-C5EC-4B83-8836-F33E80185EB9}.Ad-Hoc|x64.Build.0 = Release|Any CPU
		{53BA8999-C5EC-4B83-8836-F33E80185EB9}.Ad-Hoc|x86.ActiveCfg = Release|Any CPU
		{53BA8999-C5EC-4B83-8836-F33E80185EB9}.Ad-Hoc|x86.Build.0 = Release|Any CPU
		{53BA8999-C5EC-4B83-8836-F33E80185EB9}.AppStore|Any CPU.ActiveCfg = Release|Any CPU
		{53BA8999-C5EC-4B83-8836-F33E80185EB9}.AppStore|Any CPU.Build.0 = Release|Any CPU
		{53BA8999-C5EC-4B83-8836-F33E80185EB9}.AppStore|ARM.ActiveCfg = Release|Any CPU
		{53BA8999-C5EC-4B83-8836-F33E80185EB9}.AppStore|ARM.Build.0 = Release|Any CPU
		{53BA8999-C5EC-4B83-8836-F33E80185EB9}.AppStore|iPhone.ActiveCfg = Release|Any CPU
		{53BA8999-C5EC-4B83-8836-F33E80185EB9}.AppStore|iPhone.Build.0 = Release|Any CPU
		{53BA8999-C5EC-4B83-8836-F33E80185EB9}.AppStore|iPhoneSimulator.ActiveCfg = Release|Any CPU
		{53BA8999-C5EC-4B83-8836-F33E80185EB9}.AppStore|iPhoneSimulator.Build.0 = Release|Any CPU
		{53BA8999-C5EC-4B83-8836-F33E80185EB9}.AppStore|x64.ActiveCfg = Release|Any CPU
		{53BA8999-C5EC-4B83-8836-F33E80185EB9}.AppStore|x64.Build.0 = Release|Any CPU
		{53BA8999-C5EC-4B83-8836-F33E80185EB9}.AppStore|x86.ActiveCfg = Release|Any CPU
		{53BA8999-C5EC-4B83-8836-F33E80185EB9}.AppStore|x86.Build.0 = Release|Any CPU
		{53BA8999-C5EC-4B83-8836-F33E80185EB9}.Debug|Any CPU.ActiveCfg = Debug|Any CPU
		{53BA8999-C5EC-4B83-8836-F33E80185EB9}.Debug|Any CPU.Build.0 = Debug|Any CPU
		{53BA8999-C5EC-4B83-8836-F33E80185EB9}.Debug|ARM.ActiveCfg = Debug|Any CPU
		{53BA8999-C5EC-4B83-8836-F33E80185EB9}.Debug|ARM.Build.0 = Debug|Any CPU
		{53BA8999-C5EC-4B83-8836-F33E80185EB9}.Debug|iPhone.ActiveCfg = Debug|Any CPU
		{53BA8999-C5EC-4B83-8836-F33E80185EB9}.Debug|iPhone.Build.0 = Debug|Any CPU
		{53BA8999-C5EC-4B83-8836-F33E80185EB9}.Debug|iPhoneSimulator.ActiveCfg = Debug|Any CPU
		{53BA8999-C5EC-4B83-8836-F33E80185EB9}.Debug|iPhoneSimulator.Build.0 = Debug|Any CPU
		{53BA8999-C5EC-4B83-8836-F33E80185EB9}.Debug|x64.ActiveCfg = Debug|Any CPU
		{53BA8999-C5EC-4B83-8836-F33E80185EB9}.Debug|x64.Build.0 = Debug|Any CPU
		{53BA8999-C5EC-4B83-8836-F33E80185EB9}.Debug|x86.ActiveCfg = Debug|Any CPU
		{53BA8999-C5EC-4B83-8836-F33E80185EB9}.Debug|x86.Build.0 = Debug|Any CPU
		{53BA8999-C5EC-4B83-8836-F33E80185EB9}.Release|Any CPU.ActiveCfg = Release|Any CPU
		{53BA8999-C5EC-4B83-8836-F33E80185EB9}.Release|Any CPU.Build.0 = Release|Any CPU
		{53BA8999-C5EC-4B83-8836-F33E80185EB9}.Release|ARM.ActiveCfg = Release|Any CPU
		{53BA8999-C5EC-4B83-8836-F33E80185EB9}.Release|ARM.Build.0 = Release|Any CPU
		{53BA8999-C5EC-4B83-8836-F33E80185EB9}.Release|iPhone.ActiveCfg = Release|Any CPU
		{53BA8999-C5EC-4B83-8836-F33E80185EB9}.Release|iPhone.Build.0 = Release|Any CPU
		{53BA8999-C5EC-4B83-8836-F33E80185EB9}.Release|iPhoneSimulator.ActiveCfg = Release|Any CPU
		{53BA8999-C5EC-4B83-8836-F33E80185EB9}.Release|iPhoneSimulator.Build.0 = Release|Any CPU
		{53BA8999-C5EC-4B83-8836-F33E80185EB9}.Release|x64.ActiveCfg = Release|Any CPU
		{53BA8999-C5EC-4B83-8836-F33E80185EB9}.Release|x64.Build.0 = Release|Any CPU
		{53BA8999-C5EC-4B83-8836-F33E80185EB9}.Release|x86.ActiveCfg = Release|Any CPU
		{53BA8999-C5EC-4B83-8836-F33E80185EB9}.Release|x86.Build.0 = Release|Any CPU
		{F76135B6-AF06-4494-B7B2-DA78CA17F62F}.Ad-Hoc|Any CPU.ActiveCfg = Release|x86
		{F76135B6-AF06-4494-B7B2-DA78CA17F62F}.Ad-Hoc|Any CPU.Build.0 = Release|x86
		{F76135B6-AF06-4494-B7B2-DA78CA17F62F}.Ad-Hoc|Any CPU.Deploy.0 = Release|x86
		{F76135B6-AF06-4494-B7B2-DA78CA17F62F}.Ad-Hoc|ARM.ActiveCfg = Release|ARM
		{F76135B6-AF06-4494-B7B2-DA78CA17F62F}.Ad-Hoc|ARM.Build.0 = Release|ARM
		{F76135B6-AF06-4494-B7B2-DA78CA17F62F}.Ad-Hoc|ARM.Deploy.0 = Release|ARM
		{F76135B6-AF06-4494-B7B2-DA78CA17F62F}.Ad-Hoc|iPhone.ActiveCfg = Release|x86
		{F76135B6-AF06-4494-B7B2-DA78CA17F62F}.Ad-Hoc|iPhone.Build.0 = Release|x86
		{F76135B6-AF06-4494-B7B2-DA78CA17F62F}.Ad-Hoc|iPhone.Deploy.0 = Release|x86
		{F76135B6-AF06-4494-B7B2-DA78CA17F62F}.Ad-Hoc|iPhoneSimulator.ActiveCfg = Release|x86
		{F76135B6-AF06-4494-B7B2-DA78CA17F62F}.Ad-Hoc|iPhoneSimulator.Build.0 = Release|x86
		{F76135B6-AF06-4494-B7B2-DA78CA17F62F}.Ad-Hoc|iPhoneSimulator.Deploy.0 = Release|x86
		{F76135B6-AF06-4494-B7B2-DA78CA17F62F}.Ad-Hoc|x64.ActiveCfg = Release|x64
		{F76135B6-AF06-4494-B7B2-DA78CA17F62F}.Ad-Hoc|x64.Build.0 = Release|x64
		{F76135B6-AF06-4494-B7B2-DA78CA17F62F}.Ad-Hoc|x64.Deploy.0 = Release|x64
		{F76135B6-AF06-4494-B7B2-DA78CA17F62F}.Ad-Hoc|x86.ActiveCfg = Release|x86
		{F76135B6-AF06-4494-B7B2-DA78CA17F62F}.Ad-Hoc|x86.Build.0 = Release|x86
		{F76135B6-AF06-4494-B7B2-DA78CA17F62F}.Ad-Hoc|x86.Deploy.0 = Release|x86
		{F76135B6-AF06-4494-B7B2-DA78CA17F62F}.AppStore|Any CPU.ActiveCfg = Release|x86
		{F76135B6-AF06-4494-B7B2-DA78CA17F62F}.AppStore|Any CPU.Build.0 = Release|x86
		{F76135B6-AF06-4494-B7B2-DA78CA17F62F}.AppStore|Any CPU.Deploy.0 = Release|x86
		{F76135B6-AF06-4494-B7B2-DA78CA17F62F}.AppStore|ARM.ActiveCfg = Release|ARM
		{F76135B6-AF06-4494-B7B2-DA78CA17F62F}.AppStore|ARM.Build.0 = Release|ARM
		{F76135B6-AF06-4494-B7B2-DA78CA17F62F}.AppStore|ARM.Deploy.0 = Release|ARM
		{F76135B6-AF06-4494-B7B2-DA78CA17F62F}.AppStore|iPhone.ActiveCfg = Release|x86
		{F76135B6-AF06-4494-B7B2-DA78CA17F62F}.AppStore|iPhone.Build.0 = Release|x86
		{F76135B6-AF06-4494-B7B2-DA78CA17F62F}.AppStore|iPhone.Deploy.0 = Release|x86
		{F76135B6-AF06-4494-B7B2-DA78CA17F62F}.AppStore|iPhoneSimulator.ActiveCfg = Release|x86
		{F76135B6-AF06-4494-B7B2-DA78CA17F62F}.AppStore|iPhoneSimulator.Build.0 = Release|x86
		{F76135B6-AF06-4494-B7B2-DA78CA17F62F}.AppStore|iPhoneSimulator.Deploy.0 = Release|x86
		{F76135B6-AF06-4494-B7B2-DA78CA17F62F}.AppStore|x64.ActiveCfg = Release|x64
		{F76135B6-AF06-4494-B7B2-DA78CA17F62F}.AppStore|x64.Build.0 = Release|x64
		{F76135B6-AF06-4494-B7B2-DA78CA17F62F}.AppStore|x64.Deploy.0 = Release|x64
		{F76135B6-AF06-4494-B7B2-DA78CA17F62F}.AppStore|x86.ActiveCfg = Release|x86
		{F76135B6-AF06-4494-B7B2-DA78CA17F62F}.AppStore|x86.Build.0 = Release|x86
		{F76135B6-AF06-4494-B7B2-DA78CA17F62F}.AppStore|x86.Deploy.0 = Release|x86
		{F76135B6-AF06-4494-B7B2-DA78CA17F62F}.Debug|Any CPU.ActiveCfg = Debug|x86
		{F76135B6-AF06-4494-B7B2-DA78CA17F62F}.Debug|ARM.ActiveCfg = Debug|ARM
		{F76135B6-AF06-4494-B7B2-DA78CA17F62F}.Debug|ARM.Build.0 = Debug|ARM
		{F76135B6-AF06-4494-B7B2-DA78CA17F62F}.Debug|ARM.Deploy.0 = Debug|ARM
		{F76135B6-AF06-4494-B7B2-DA78CA17F62F}.Debug|iPhone.ActiveCfg = Debug|x86
		{F76135B6-AF06-4494-B7B2-DA78CA17F62F}.Debug|iPhoneSimulator.ActiveCfg = Debug|x86
		{F76135B6-AF06-4494-B7B2-DA78CA17F62F}.Debug|x64.ActiveCfg = Debug|x64
		{F76135B6-AF06-4494-B7B2-DA78CA17F62F}.Debug|x64.Build.0 = Debug|x64
		{F76135B6-AF06-4494-B7B2-DA78CA17F62F}.Debug|x64.Deploy.0 = Debug|x64
		{F76135B6-AF06-4494-B7B2-DA78CA17F62F}.Debug|x86.ActiveCfg = Debug|x86
		{F76135B6-AF06-4494-B7B2-DA78CA17F62F}.Debug|x86.Build.0 = Debug|x86
		{F76135B6-AF06-4494-B7B2-DA78CA17F62F}.Debug|x86.Deploy.0 = Debug|x86
		{F76135B6-AF06-4494-B7B2-DA78CA17F62F}.Release|Any CPU.ActiveCfg = Release|x86
		{F76135B6-AF06-4494-B7B2-DA78CA17F62F}.Release|ARM.ActiveCfg = Release|ARM
		{F76135B6-AF06-4494-B7B2-DA78CA17F62F}.Release|ARM.Build.0 = Release|ARM
		{F76135B6-AF06-4494-B7B2-DA78CA17F62F}.Release|ARM.Deploy.0 = Release|ARM
		{F76135B6-AF06-4494-B7B2-DA78CA17F62F}.Release|iPhone.ActiveCfg = Release|x86
		{F76135B6-AF06-4494-B7B2-DA78CA17F62F}.Release|iPhoneSimulator.ActiveCfg = Release|x86
		{F76135B6-AF06-4494-B7B2-DA78CA17F62F}.Release|x64.ActiveCfg = Release|x64
		{F76135B6-AF06-4494-B7B2-DA78CA17F62F}.Release|x64.Build.0 = Release|x64
		{F76135B6-AF06-4494-B7B2-DA78CA17F62F}.Release|x64.Deploy.0 = Release|x64
		{F76135B6-AF06-4494-B7B2-DA78CA17F62F}.Release|x86.ActiveCfg = Release|x86
		{F76135B6-AF06-4494-B7B2-DA78CA17F62F}.Release|x86.Build.0 = Release|x86
		{F76135B6-AF06-4494-B7B2-DA78CA17F62F}.Release|x86.Deploy.0 = Release|x86
		{FBF709BD-2FAF-4E1A-B1F3-A2F1B874BD8B}.Ad-Hoc|Any CPU.ActiveCfg = Ad-Hoc|iPhone
		{FBF709BD-2FAF-4E1A-B1F3-A2F1B874BD8B}.Ad-Hoc|ARM.ActiveCfg = Ad-Hoc|iPhone
		{FBF709BD-2FAF-4E1A-B1F3-A2F1B874BD8B}.Ad-Hoc|iPhone.ActiveCfg = Ad-Hoc|iPhone
		{FBF709BD-2FAF-4E1A-B1F3-A2F1B874BD8B}.Ad-Hoc|iPhone.Build.0 = Ad-Hoc|iPhone
		{FBF709BD-2FAF-4E1A-B1F3-A2F1B874BD8B}.Ad-Hoc|iPhoneSimulator.ActiveCfg = Ad-Hoc|iPhoneSimulator
		{FBF709BD-2FAF-4E1A-B1F3-A2F1B874BD8B}.Ad-Hoc|iPhoneSimulator.Build.0 = Ad-Hoc|iPhoneSimulator
		{FBF709BD-2FAF-4E1A-B1F3-A2F1B874BD8B}.Ad-Hoc|x64.ActiveCfg = Ad-Hoc|iPhone
		{FBF709BD-2FAF-4E1A-B1F3-A2F1B874BD8B}.Ad-Hoc|x86.ActiveCfg = Ad-Hoc|iPhone
		{FBF709BD-2FAF-4E1A-B1F3-A2F1B874BD8B}.AppStore|Any CPU.ActiveCfg = AppStore|iPhone
		{FBF709BD-2FAF-4E1A-B1F3-A2F1B874BD8B}.AppStore|ARM.ActiveCfg = AppStore|iPhone
		{FBF709BD-2FAF-4E1A-B1F3-A2F1B874BD8B}.AppStore|iPhone.ActiveCfg = AppStore|iPhone
		{FBF709BD-2FAF-4E1A-B1F3-A2F1B874BD8B}.AppStore|iPhone.Build.0 = AppStore|iPhone
		{FBF709BD-2FAF-4E1A-B1F3-A2F1B874BD8B}.AppStore|iPhoneSimulator.ActiveCfg = AppStore|iPhoneSimulator
		{FBF709BD-2FAF-4E1A-B1F3-A2F1B874BD8B}.AppStore|iPhoneSimulator.Build.0 = AppStore|iPhoneSimulator
		{FBF709BD-2FAF-4E1A-B1F3-A2F1B874BD8B}.AppStore|x64.ActiveCfg = AppStore|iPhone
		{FBF709BD-2FAF-4E1A-B1F3-A2F1B874BD8B}.AppStore|x86.ActiveCfg = AppStore|iPhone
		{FBF709BD-2FAF-4E1A-B1F3-A2F1B874BD8B}.Debug|Any CPU.ActiveCfg = Debug|iPhone
		{FBF709BD-2FAF-4E1A-B1F3-A2F1B874BD8B}.Debug|ARM.ActiveCfg = Debug|iPhone
		{FBF709BD-2FAF-4E1A-B1F3-A2F1B874BD8B}.Debug|iPhone.ActiveCfg = Debug|iPhone
		{FBF709BD-2FAF-4E1A-B1F3-A2F1B874BD8B}.Debug|iPhone.Build.0 = Debug|iPhone
		{FBF709BD-2FAF-4E1A-B1F3-A2F1B874BD8B}.Debug|iPhoneSimulator.ActiveCfg = Debug|iPhoneSimulator
		{FBF709BD-2FAF-4E1A-B1F3-A2F1B874BD8B}.Debug|iPhoneSimulator.Build.0 = Debug|iPhoneSimulator
		{FBF709BD-2FAF-4E1A-B1F3-A2F1B874BD8B}.Debug|x64.ActiveCfg = Debug|iPhone
		{FBF709BD-2FAF-4E1A-B1F3-A2F1B874BD8B}.Debug|x86.ActiveCfg = Debug|iPhone
		{FBF709BD-2FAF-4E1A-B1F3-A2F1B874BD8B}.Release|Any CPU.ActiveCfg = Release|iPhone
		{FBF709BD-2FAF-4E1A-B1F3-A2F1B874BD8B}.Release|ARM.ActiveCfg = Release|iPhone
		{FBF709BD-2FAF-4E1A-B1F3-A2F1B874BD8B}.Release|iPhone.ActiveCfg = Release|iPhone
		{FBF709BD-2FAF-4E1A-B1F3-A2F1B874BD8B}.Release|iPhone.Build.0 = Release|iPhone
		{FBF709BD-2FAF-4E1A-B1F3-A2F1B874BD8B}.Release|iPhoneSimulator.ActiveCfg = Release|iPhoneSimulator
		{FBF709BD-2FAF-4E1A-B1F3-A2F1B874BD8B}.Release|iPhoneSimulator.Build.0 = Release|iPhoneSimulator
		{FBF709BD-2FAF-4E1A-B1F3-A2F1B874BD8B}.Release|x64.ActiveCfg = Release|iPhone
		{FBF709BD-2FAF-4E1A-B1F3-A2F1B874BD8B}.Release|x86.ActiveCfg = Release|iPhone
	EndGlobalSection
	GlobalSection(SolutionProperties) = preSolution
		HideSolutionNode = FALSE
	EndGlobalSection
EndGlobal
